
Microsoft Visual Studio Solution File, Format Version 12.00
# Visual Studio Version 16
VisualStudioVersion = 16.0.29503.13
MinimumVisualStudioVersion = 15.0.26124.0
Project("{9A19103F-16F7-4668-BE54-9A1E7A4F7556}") = "ThermoBet.API", "ThermoBet.API\ThermoBet.API.csproj", "{2DFA714F-5FCC-4580-8003-F394922981E1}"
EndProject
Project("{9A19103F-16F7-4668-BE54-9A1E7A4F7556}") = "ThermoBet.Bootstrap", "ThermoBet.Bootstrap\ThermoBet.Bootstrap.csproj", "{969C88FC-02AC-40C8-ABB5-4AE1470B7FDA}"
EndProject
Project("{9A19103F-16F7-4668-BE54-9A1E7A4F7556}") = "ThermoBet.Core", "ThermoBet.Core\ThermoBet.Core.csproj", "{52BD6DB7-F5D9-47CE-94D4-A5476EE1093C}"
EndProject
Project("{9A19103F-16F7-4668-BE54-9A1E7A4F7556}") = "ThermoBet.MVC", "ThermoBet.MVC\ThermoBet.MVC.csproj", "{A6AB4703-824E-4801-996F-1FC484F4AF1B}"
EndProject
Project("{9A19103F-16F7-4668-BE54-9A1E7A4F7556}") = "ThermoBet.SQLServer", "ThermoBet.SQLServer\ThermoBet.SQLServer.csproj", "{C95DC152-C06C-4755-8EB6-7978381D18D6}"
EndProject
Global
	GlobalSection(SolutionConfigurationPlatforms) = preSolution
		Debug|Any CPU = Debug|Any CPU
		Debug|x64 = Debug|x64
		Debug|x86 = Debug|x86
		Release|Any CPU = Release|Any CPU
		Release|x64 = Release|x64
		Release|x86 = Release|x86
	EndGlobalSection
	GlobalSection(ProjectConfigurationPlatforms) = postSolution
		{2DFA714F-5FCC-4580-8003-F394922981E1}.Debug|Any CPU.ActiveCfg = Debug|Any CPU
		{2DFA714F-5FCC-4580-8003-F394922981E1}.Debug|Any CPU.Build.0 = Debug|Any CPU
		{2DFA714F-5FCC-4580-8003-F394922981E1}.Debug|x64.ActiveCfg = Debug|Any CPU
		{2DFA714F-5FCC-4580-8003-F394922981E1}.Debug|x64.Build.0 = Debug|Any CPU
		{2DFA714F-5FCC-4580-8003-F394922981E1}.Debug|x86.ActiveCfg = Debug|Any CPU
		{2DFA714F-5FCC-4580-8003-F394922981E1}.Debug|x86.Build.0 = Debug|Any CPU
		{2DFA714F-5FCC-4580-8003-F394922981E1}.Release|Any CPU.ActiveCfg = Release|Any CPU
		{2DFA714F-5FCC-4580-8003-F394922981E1}.Release|Any CPU.Build.0 = Release|Any CPU
		{2DFA714F-5FCC-4580-8003-F394922981E1}.Release|x64.ActiveCfg = Release|Any CPU
		{2DFA714F-5FCC-4580-8003-F394922981E1}.Release|x64.Build.0 = Release|Any CPU
		{2DFA714F-5FCC-4580-8003-F394922981E1}.Release|x86.ActiveCfg = Release|Any CPU
		{2DFA714F-5FCC-4580-8003-F394922981E1}.Release|x86.Build.0 = Release|Any CPU
		{969C88FC-02AC-40C8-ABB5-4AE1470B7FDA}.Debug|Any CPU.ActiveCfg = Debug|Any CPU
		{969C88FC-02AC-40C8-ABB5-4AE1470B7FDA}.Debug|Any CPU.Build.0 = Debug|Any CPU
		{969C88FC-02AC-40C8-ABB5-4AE1470B7FDA}.Debug|x64.ActiveCfg = Debug|Any CPU
		{969C88FC-02AC-40C8-ABB5-4AE1470B7FDA}.Debug|x64.Build.0 = Debug|Any CPU
		{969C88FC-02AC-40C8-ABB5-4AE1470B7FDA}.Debug|x86.ActiveCfg = Debug|Any CPU
		{969C88FC-02AC-40C8-ABB5-4AE1470B7FDA}.Debug|x86.Build.0 = Debug|Any CPU
		{969C88FC-02AC-40C8-ABB5-4AE1470B7FDA}.Release|Any CPU.ActiveCfg = Release|Any CPU
		{969C88FC-02AC-40C8-ABB5-4AE1470B7FDA}.Release|Any CPU.Build.0 = Release|Any CPU
		{969C88FC-02AC-40C8-ABB5-4AE1470B7FDA}.Release|x64.ActiveCfg = Release|Any CPU
		{969C88FC-02AC-40C8-ABB5-4AE1470B7FDA}.Release|x64.Build.0 = Release|Any CPU
		{969C88FC-02AC-40C8-ABB5-4AE1470B7FDA}.Release|x86.ActiveCfg = Release|Any CPU
		{969C88FC-02AC-40C8-ABB5-4AE1470B7FDA}.Release|x86.Build.0 = Release|Any CPU
		{52BD6DB7-F5D9-47CE-94D4-A5476EE1093C}.Debug|Any CPU.ActiveCfg = Debug|Any CPU
		{52BD6DB7-F5D9-47CE-94D4-A5476EE1093C}.Debug|Any CPU.Build.0 = Debug|Any CPU
		{52BD6DB7-F5D9-47CE-94D4-A5476EE1093C}.Debug|x64.ActiveCfg = Debug|Any CPU
		{52BD6DB7-F5D9-47CE-94D4-A5476EE1093C}.Debug|x64.Build.0 = Debug|Any CPU
		{52BD6DB7-F5D9-47CE-94D4-A5476EE1093C}.Debug|x86.ActiveCfg = Debug|Any CPU
		{52BD6DB7-F5D9-47CE-94D4-A5476EE1093C}.Debug|x86.Build.0 = Debug|Any CPU
		{52BD6DB7-F5D9-47CE-94D4-A5476EE1093C}.Release|Any CPU.ActiveCfg = Release|Any CPU
		{52BD6DB7-F5D9-47CE-94D4-A5476EE1093C}.Release|Any CPU.Build.0 = Release|Any CPU
		{52BD6DB7-F5D9-47CE-94D4-A5476EE1093C}.Release|x64.ActiveCfg = Release|Any CPU
		{52BD6DB7-F5D9-47CE-94D4-A5476EE1093C}.Release|x64.Build.0 = Release|Any CPU
		{52BD6DB7-F5D9-47CE-94D4-A5476EE1093C}.Release|x86.ActiveCfg = Release|Any CPU
		{52BD6DB7-F5D9-47CE-94D4-A5476EE1093C}.Release|x86.Build.0 = Release|Any CPU
		{A6AB4703-824E-4801-996F-1FC484F4AF1B}.Debug|Any CPU.ActiveCfg = Debug|Any CPU
		{A6AB4703-824E-4801-996F-1FC484F4AF1B}.Debug|Any CPU.Build.0 = Debug|Any CPU
		{A6AB4703-824E-4801-996F-1FC484F4AF1B}.Debug|x64.ActiveCfg = Debug|Any CPU
		{A6AB4703-824E-4801-996F-1FC484F4AF1B}.Debug|x64.Build.0 = Debug|Any CPU
		{A6AB4703-824E-4801-996F-1FC484F4AF1B}.Debug|x86.ActiveCfg = Debug|Any CPU
		{A6AB4703-824E-4801-996F-1FC484F4AF1B}.Debug|x86.Build.0 = Debug|Any CPU
		{A6AB4703-824E-4801-996F-1FC484F4AF1B}.Release|Any CPU.ActiveCfg = Release|Any CPU
		{A6AB4703-824E-4801-996F-1FC484F4AF1B}.Release|Any CPU.Build.0 = Release|Any CPU
		{A6AB4703-824E-4801-996F-1FC484F4AF1B}.Release|x64.ActiveCfg = Release|Any CPU
		{A6AB4703-824E-4801-996F-1FC484F4AF1B}.Release|x64.Build.0 = Release|Any CPU
		{A6AB4703-824E-4801-996F-1FC484F4AF1B}.Release|x86.ActiveCfg = Release|Any CPU
		{A6AB4703-824E-4801-996F-1FC484F4AF1B}.Release|x86.Build.0 = Release|Any CPU
		{C95DC152-C06C-4755-8EB6-7978381D18D6}.Debug|Any CPU.ActiveCfg = Debug|Any CPU
		{C95DC152-C06C-4755-8EB6-7978381D18D6}.Debug|Any CPU.Build.0 = Debug|Any CPU
		{C95DC152-C06C-4755-8EB6-7978381D18D6}.Debug|x64.ActiveCfg = Debug|Any CPU
		{C95DC152-C06C-4755-8EB6-7978381D18D6}.Debug|x64.Build.0 = Debug|Any CPU
		{C95DC152-C06C-4755-8EB6-7978381D18D6}.Debug|x86.ActiveCfg = Debug|Any CPU
		{C95DC152-C06C-4755-8EB6-7978381D18D6}.Debug|x86.Build.0 = Debug|Any CPU
		{C95DC152-C06C-4755-8EB6-7978381D18D6}.Release|Any CPU.ActiveCfg = Release|Any CPU
		{C95DC152-C06C-4755-8EB6-7978381D18D6}.Release|Any CPU.Build.0 = Release|Any CPU
		{C95DC152-C06C-4755-8EB6-7978381D18D6}.Release|x64.ActiveCfg = Release|Any CPU
		{C95DC152-C06C-4755-8EB6-7978381D18D6}.Release|x64.Build.0 = Release|Any CPU
		{C95DC152-C06C-4755-8EB6-7978381D18D6}.Release|x86.ActiveCfg = Release|Any CPU
		{C95DC152-C06C-4755-8EB6-7978381D18D6}.Release|x86.Build.0 = Release|Any CPU
	EndGlobalSection
	GlobalSection(SolutionProperties) = preSolution
		HideSolutionNode = FALSE
	EndGlobalSection
	GlobalSection(ExtensibilityGlobals) = postSolution
		SolutionGuid = {03D368C3-796A-4279-91C8-CA9B4185C75E}
	EndGlobalSection
EndGlobal
