
Microsoft Visual Studio Solution File, Format Version 12.00
# Visual Studio 15
VisualStudioVersion = 15.0.28010.2036
MinimumVisualStudioVersion = 10.0.40219.1
Project("{FAE04EC0-301F-11D3-BF4B-00C04F79EFBC}") = "Arena42", "Arena42\Arena42.csproj", "{289550FA-47FE-4260-B914-6BED40106CBF}"
EndProject
Project("{9A19103F-16F7-4668-BE54-9A1E7A4F7556}") = "AWSLambda2", "AWSLambda2\AWSLambda2.csproj", "{45CA569A-19D3-4CFF-91D1-74DC3B05E0F1}"
EndProject
Project("{FAE04EC0-301F-11D3-BF4B-00C04F79EFBC}") = "WebApplication1", "WebApplication1\WebApplication1.csproj", "{8E6CA7EB-66CF-41CC-BBBB-B3AFE5F16DFE}"
EndProject
Global
	GlobalSection(SolutionConfigurationPlatforms) = preSolution
		Debug|Any CPU = Debug|Any CPU
		Release|Any CPU = Release|Any CPU
	EndGlobalSection
	GlobalSection(ProjectConfigurationPlatforms) = postSolution
		{289550FA-47FE-4260-B914-6BED40106CBF}.Debug|Any CPU.ActiveCfg = Debug|Any CPU
		{289550FA-47FE-4260-B914-6BED40106CBF}.Debug|Any CPU.Build.0 = Debug|Any CPU
		{289550FA-47FE-4260-B914-6BED40106CBF}.Release|Any CPU.ActiveCfg = Release|Any CPU
		{289550FA-47FE-4260-B914-6BED40106CBF}.Release|Any CPU.Build.0 = Release|Any CPU
		{45CA569A-19D3-4CFF-91D1-74DC3B05E0F1}.Debug|Any CPU.ActiveCfg = Debug|Any CPU
		{45CA569A-19D3-4CFF-91D1-74DC3B05E0F1}.Debug|Any CPU.Build.0 = Debug|Any CPU
		{45CA569A-19D3-4CFF-91D1-74DC3B05E0F1}.Release|Any CPU.ActiveCfg = Release|Any CPU
		{45CA569A-19D3-4CFF-91D1-74DC3B05E0F1}.Release|Any CPU.Build.0 = Release|Any CPU
		{8E6CA7EB-66CF-41CC-BBBB-B3AFE5F16DFE}.Debug|Any CPU.ActiveCfg = Debug|Any CPU
		{8E6CA7EB-66CF-41CC-BBBB-B3AFE5F16DFE}.Debug|Any CPU.Build.0 = Debug|Any CPU
		{8E6CA7EB-66CF-41CC-BBBB-B3AFE5F16DFE}.Release|Any CPU.ActiveCfg = Release|Any CPU
		{8E6CA7EB-66CF-41CC-BBBB-B3AFE5F16DFE}.Release|Any CPU.Build.0 = Release|Any CPU
	EndGlobalSection
	GlobalSection(SolutionProperties) = preSolution
		HideSolutionNode = FALSE
	EndGlobalSection
	GlobalSection(ExtensibilityGlobals) = postSolution
		SolutionGuid = {C6CC95A5-CAA8-49B2-BE5F-384B1893C883}
	EndGlobalSection
EndGlobal
